<?xml version="1.0" encoding="utf-8"?>
<Project ToolsVersion="4.0" xmlns="http://schemas.microsoft.com/developer/msbuild/2003">
  <ItemGroup>
    <Filter Include="Source Files">
      <UniqueIdentifier>{4FC737F1-C7A5-4376-A066-2A32D752A2FF}</UniqueIdentifier>
      <Extensions>cpp;c;cc;cxx;def;odl;idl;hpj;bat;asm;asmx</Extensions>
    </Filter>
    <Filter Include="Header Files">
      <UniqueIdentifier>{93995380-89BD-4b04-88EB-625FBE52EBFB}</UniqueIdentifier>
      <Extensions>h;hh;hpp;hxx;hm;inl;inc;ipp;xsd</Extensions>
    </Filter>
    <Filter Include="Resource Files">
      <UniqueIdentifier>{67DA6AB6-F800-4c08-8B7A-83BB121AAD01}</UniqueIdentifier>
      <Extensions>rc;ico;cur;bmp;dlg;rc2;rct;bin;rgs;gif;jpg;jpeg;jpe;resx;tiff;tif;png;wav;mfcribbon-ms</Extensions>
    </Filter>
  </ItemGroup>
  <ItemGroup>
    <ClCompile Include="main.c">
      <Filter>Source Files</Filter>
    </ClCompile>
    <ClCompile Include="..\..\Ast.c">
      <Filter>Source Files</Filter>
    </ClCompile>
    <ClCompile Include="..\..\BasicScanner.c">
      <Filter>Source Files</Filter>
    </ClCompile>
    <ClCompile Include="..\..\CodePrint.c">
      <Filter>Source Files</Filter>
    </ClCompile>
    <ClCompile Include="..\..\LocalStrBuilder.c">
      <Filter>Source Files</Filter>
    </ClCompile>
    <ClCompile Include="..\..\Macro.c">
      <Filter>Source Files</Filter>
    </ClCompile>
    <ClCompile Include="..\..\Map2.c">
      <Filter>Source Files</Filter>
    </ClCompile>
    <ClCompile Include="..\..\Mem.c">
      <Filter>Source Files</Filter>
    </ClCompile>
    <ClCompile Include="..\..\Parser.c">
      <Filter>Source Files</Filter>
    </ClCompile>
    <ClCompile Include="..\..\Path.c">
      <Filter>Source Files</Filter>
    </ClCompile>
    <ClCompile Include="..\..\PPToken.c">
      <Filter>Source Files</Filter>
    </ClCompile>
    <ClCompile Include="..\..\Scanner.c">
      <Filter>Source Files</Filter>
    </ClCompile>
    <ClCompile Include="..\..\StrBuilder.c">
      <Filter>Source Files</Filter>
    </ClCompile>
    <ClCompile Include="..\..\Stream.c">
      <Filter>Source Files</Filter>
    </ClCompile>
    <ClCompile Include="..\..\StringEx.c">
      <Filter>Source Files</Filter>
    </ClCompile>
    <ClCompile Include="..\..\SymbolMap.c">
      <Filter>Source Files</Filter>
    </ClCompile>
    <ClCompile Include="..\..\TokenArray.c">
      <Filter>Source Files</Filter>
    </ClCompile>
    <ClCompile Include="..\..\Options.c">
      <Filter>Source Files</Filter>
    </ClCompile>
    <ClCompile Include="..\..\StrArray.c">
      <Filter>Source Files</Filter>
    </ClCompile>
  </ItemGroup>
  <ItemGroup>
    <ClInclude Include="..\..\Ast.h">
      <Filter>Source Files</Filter>
    </ClInclude>
    <ClInclude Include="..\..\BasicScanner.h">
      <Filter>Source Files</Filter>
    </ClInclude>
    <ClInclude Include="..\..\CodePrint.h">
      <Filter>Source Files</Filter>
    </ClInclude>
    <ClInclude Include="..\..\List.h">
      <Filter>Source Files</Filter>
    </ClInclude>
    <ClInclude Include="..\..\LocalStrBuilder.h">
      <Filter>Source Files</Filter>
    </ClInclude>
    <ClInclude Include="..\..\Macro.h">
      <Filter>Source Files</Filter>
    </ClInclude>
    <ClInclude Include="..\..\Map2.h">
      <Filter>Source Files</Filter>
    </ClInclude>
    <ClInclude Include="..\..\Mem.h">
      <Filter>Source Files</Filter>
    </ClInclude>
    <ClInclude Include="..\..\Parser.h">
      <Filter>Source Files</Filter>
    </ClInclude>
    <ClInclude Include="..\..\Path.h">
      <Filter>Source Files</Filter>
    </ClInclude>
    <ClInclude Include="..\..\PPToken.h">
      <Filter>Source Files</Filter>
    </ClInclude>
    <ClInclude Include="..\..\Scanner.h">
      <Filter>Source Files</Filter>
    </ClInclude>
    <ClInclude Include="..\..\StrBuilder.h">
      <Filter>Source Files</Filter>
    </ClInclude>
    <ClInclude Include="..\..\Stream.h">
      <Filter>Source Files</Filter>
    </ClInclude>
    <ClInclude Include="..\..\StringEx.h">
      <Filter>Source Files</Filter>
    </ClInclude>
    <ClInclude Include="..\..\SymbolMap.h">
      <Filter>Source Files</Filter>
    </ClInclude>
    <ClInclude Include="..\..\TokenArray.h">
      <Filter>Source Files</Filter>
    </ClInclude>
    <ClInclude Include="..\..\Options.h">
      <Filter>Source Files</Filter>
    </ClInclude>
    <ClInclude Include="..\..\StrArray.h">
      <Filter>Source Files</Filter>
    </ClInclude>
  </ItemGroup>
</Project>