
Microsoft Visual Studio Solution File, Format Version 12.00
# Visual Studio Version 16
VisualStudioVersion = 16.0.28729.10
MinimumVisualStudioVersion = 10.0.40219.1
Project("{8BC9CEB8-8B4A-11D0-8D11-00A0C91BC942}") = "CPrimeWindows", "CPrimeWindows.vcxproj", "{9015E870-15D1-4AE4-B6AB-933601BA95B6}"
EndProject
Project("{2150E333-8FDC-42A3-9474-1A3956D46DE8}") = "Tests", "Tests", "{B9745530-7B5F-4949-BAF7-1E4C19A7B89D}"
EndProject
Project("{8BC9CEB8-8B4A-11D0-8D11-00A0C91BC942}") = "ScannerTest", "Tests\ScannerTest\ScannerTest.vcxproj", "{E279C2D4-E149-4CA5-BE24-844103AF0DB5}"
EndProject
Project("{8BC9CEB8-8B4A-11D0-8D11-00A0C91BC942}") = "BasicScannerTest", "Tests\BasicScannerTest\BasicScannerTest.vcxproj", "{6C94FB23-A17A-4BBE-8CD2-8DDFBEBC19BA}"
EndProject
Project("{8BC9CEB8-8B4A-11D0-8D11-00A0C91BC942}") = "StreamTest", "Tests\StreamTest\StreamTest.vcxproj", "{3722F888-607E-428A-8E73-89E37E815A49}"
EndProject
Project("{8BC9CEB8-8B4A-11D0-8D11-00A0C91BC942}") = "ParserTest", "Tests\ParserTest\ParserTest.vcxproj", "{64400BF2-7474-47EC-9079-C890D84AA674}"
EndProject
Project("{8BC9CEB8-8B4A-11D0-8D11-00A0C91BC942}") = "Hello", "Hello\Hello.vcxproj", "{031FC358-AC15-43D8-9C7E-78C74519C833}"
EndProject
Project("{8BC9CEB8-8B4A-11D0-8D11-00A0C91BC942}") = "build", "build\build.vcxproj", "{1699AAA8-F66E-4B5C-828E-1651DE2F4809}"
EndProject
Project("{8BC9CEB8-8B4A-11D0-8D11-00A0C91BC942}") = "LibTest", "Tests\LibTest\LibTest.vcxproj", "{393243B6-6DD4-428A-9E35-70272D4C2D61}"
EndProject
Global
	GlobalSection(SolutionConfigurationPlatforms) = preSolution
		Debug|ARM = Debug|ARM
		Debug|ARM64 = Debug|ARM64
		Debug|x64 = Debug|x64
		Debug|x86 = Debug|x86
		Release|ARM = Release|ARM
		Release|ARM64 = Release|ARM64
		Release|x64 = Release|x64
		Release|x86 = Release|x86
	EndGlobalSection
	GlobalSection(ProjectConfigurationPlatforms) = postSolution
		{9015E870-15D1-4AE4-B6AB-933601BA95B6}.Debug|ARM.ActiveCfg = Debug|Win32
		{9015E870-15D1-4AE4-B6AB-933601BA95B6}.Debug|ARM64.ActiveCfg = Debug|Win32
		{9015E870-15D1-4AE4-B6AB-933601BA95B6}.Debug|x64.ActiveCfg = Debug|x64
		{9015E870-15D1-4AE4-B6AB-933601BA95B6}.Debug|x64.Build.0 = Debug|x64
		{9015E870-15D1-4AE4-B6AB-933601BA95B6}.Debug|x86.ActiveCfg = Debug|Win32
		{9015E870-15D1-4AE4-B6AB-933601BA95B6}.Debug|x86.Build.0 = Debug|Win32
		{9015E870-15D1-4AE4-B6AB-933601BA95B6}.Release|ARM.ActiveCfg = Release|Win32
		{9015E870-15D1-4AE4-B6AB-933601BA95B6}.Release|ARM64.ActiveCfg = Release|Win32
		{9015E870-15D1-4AE4-B6AB-933601BA95B6}.Release|x64.ActiveCfg = Release|x64
		{9015E870-15D1-4AE4-B6AB-933601BA95B6}.Release|x64.Build.0 = Release|x64
		{9015E870-15D1-4AE4-B6AB-933601BA95B6}.Release|x86.ActiveCfg = Release|Win32
		{9015E870-15D1-4AE4-B6AB-933601BA95B6}.Release|x86.Build.0 = Release|Win32
		{E279C2D4-E149-4CA5-BE24-844103AF0DB5}.Debug|ARM.ActiveCfg = Debug|Win32
		{E279C2D4-E149-4CA5-BE24-844103AF0DB5}.Debug|ARM64.ActiveCfg = Debug|Win32
		{E279C2D4-E149-4CA5-BE24-844103AF0DB5}.Debug|x64.ActiveCfg = Debug|x64
		{E279C2D4-E149-4CA5-BE24-844103AF0DB5}.Debug|x64.Build.0 = Debug|x64
		{E279C2D4-E149-4CA5-BE24-844103AF0DB5}.Debug|x86.ActiveCfg = Debug|Win32
		{E279C2D4-E149-4CA5-BE24-844103AF0DB5}.Debug|x86.Build.0 = Debug|Win32
		{E279C2D4-E149-4CA5-BE24-844103AF0DB5}.Release|ARM.ActiveCfg = Release|Win32
		{E279C2D4-E149-4CA5-BE24-844103AF0DB5}.Release|ARM64.ActiveCfg = Release|Win32
		{E279C2D4-E149-4CA5-BE24-844103AF0DB5}.Release|x64.ActiveCfg = Release|x64
		{E279C2D4-E149-4CA5-BE24-844103AF0DB5}.Release|x64.Build.0 = Release|x64
		{E279C2D4-E149-4CA5-BE24-844103AF0DB5}.Release|x86.ActiveCfg = Release|Win32
		{E279C2D4-E149-4CA5-BE24-844103AF0DB5}.Release|x86.Build.0 = Release|Win32
		{6C94FB23-A17A-4BBE-8CD2-8DDFBEBC19BA}.Debug|ARM.ActiveCfg = Debug|Win32
		{6C94FB23-A17A-4BBE-8CD2-8DDFBEBC19BA}.Debug|ARM64.ActiveCfg = Debug|Win32
		{6C94FB23-A17A-4BBE-8CD2-8DDFBEBC19BA}.Debug|x64.ActiveCfg = Debug|x64
		{6C94FB23-A17A-4BBE-8CD2-8DDFBEBC19BA}.Debug|x64.Build.0 = Debug|x64
		{6C94FB23-A17A-4BBE-8CD2-8DDFBEBC19BA}.Debug|x86.ActiveCfg = Debug|Win32
		{6C94FB23-A17A-4BBE-8CD2-8DDFBEBC19BA}.Debug|x86.Build.0 = Debug|Win32
		{6C94FB23-A17A-4BBE-8CD2-8DDFBEBC19BA}.Release|ARM.ActiveCfg = Release|Win32
		{6C94FB23-A17A-4BBE-8CD2-8DDFBEBC19BA}.Release|ARM64.ActiveCfg = Release|Win32
		{6C94FB23-A17A-4BBE-8CD2-8DDFBEBC19BA}.Release|x64.ActiveCfg = Release|x64
		{6C94FB23-A17A-4BBE-8CD2-8DDFBEBC19BA}.Release|x64.Build.0 = Release|x64
		{6C94FB23-A17A-4BBE-8CD2-8DDFBEBC19BA}.Release|x86.ActiveCfg = Release|Win32
		{6C94FB23-A17A-4BBE-8CD2-8DDFBEBC19BA}.Release|x86.Build.0 = Release|Win32
		{3722F888-607E-428A-8E73-89E37E815A49}.Debug|ARM.ActiveCfg = Debug|Win32
		{3722F888-607E-428A-8E73-89E37E815A49}.Debug|ARM64.ActiveCfg = Debug|Win32
		{3722F888-607E-428A-8E73-89E37E815A49}.Debug|x64.ActiveCfg = Debug|x64
		{3722F888-607E-428A-8E73-89E37E815A49}.Debug|x64.Build.0 = Debug|x64
		{3722F888-607E-428A-8E73-89E37E815A49}.Debug|x86.ActiveCfg = Debug|Win32
		{3722F888-607E-428A-8E73-89E37E815A49}.Debug|x86.Build.0 = Debug|Win32
		{3722F888-607E-428A-8E73-89E37E815A49}.Release|ARM.ActiveCfg = Release|Win32
		{3722F888-607E-428A-8E73-89E37E815A49}.Release|ARM64.ActiveCfg = Release|Win32
		{3722F888-607E-428A-8E73-89E37E815A49}.Release|x64.ActiveCfg = Release|x64
		{3722F888-607E-428A-8E73-89E37E815A49}.Release|x64.Build.0 = Release|x64
		{3722F888-607E-428A-8E73-89E37E815A49}.Release|x86.ActiveCfg = Release|Win32
		{3722F888-607E-428A-8E73-89E37E815A49}.Release|x86.Build.0 = Release|Win32
		{64400BF2-7474-47EC-9079-C890D84AA674}.Debug|ARM.ActiveCfg = Debug|Win32
		{64400BF2-7474-47EC-9079-C890D84AA674}.Debug|ARM64.ActiveCfg = Debug|Win32
		{64400BF2-7474-47EC-9079-C890D84AA674}.Debug|x64.ActiveCfg = Debug|x64
		{64400BF2-7474-47EC-9079-C890D84AA674}.Debug|x64.Build.0 = Debug|x64
		{64400BF2-7474-47EC-9079-C890D84AA674}.Debug|x86.ActiveCfg = Debug|Win32
		{64400BF2-7474-47EC-9079-C890D84AA674}.Debug|x86.Build.0 = Debug|Win32
		{64400BF2-7474-47EC-9079-C890D84AA674}.Release|ARM.ActiveCfg = Release|Win32
		{64400BF2-7474-47EC-9079-C890D84AA674}.Release|ARM64.ActiveCfg = Release|Win32
		{64400BF2-7474-47EC-9079-C890D84AA674}.Release|x64.ActiveCfg = Release|x64
		{64400BF2-7474-47EC-9079-C890D84AA674}.Release|x64.Build.0 = Release|x64
		{64400BF2-7474-47EC-9079-C890D84AA674}.Release|x86.ActiveCfg = Release|Win32
		{64400BF2-7474-47EC-9079-C890D84AA674}.Release|x86.Build.0 = Release|Win32
		{031FC358-AC15-43D8-9C7E-78C74519C833}.Debug|ARM.ActiveCfg = Debug|Win32
		{031FC358-AC15-43D8-9C7E-78C74519C833}.Debug|ARM64.ActiveCfg = Debug|Win32
		{031FC358-AC15-43D8-9C7E-78C74519C833}.Debug|x64.ActiveCfg = Debug|x64
		{031FC358-AC15-43D8-9C7E-78C74519C833}.Debug|x64.Build.0 = Debug|x64
		{031FC358-AC15-43D8-9C7E-78C74519C833}.Debug|x86.ActiveCfg = Debug|Win32
		{031FC358-AC15-43D8-9C7E-78C74519C833}.Debug|x86.Build.0 = Debug|Win32
		{031FC358-AC15-43D8-9C7E-78C74519C833}.Release|ARM.ActiveCfg = Release|Win32
		{031FC358-AC15-43D8-9C7E-78C74519C833}.Release|ARM64.ActiveCfg = Release|Win32
		{031FC358-AC15-43D8-9C7E-78C74519C833}.Release|x64.ActiveCfg = Release|x64
		{031FC358-AC15-43D8-9C7E-78C74519C833}.Release|x64.Build.0 = Release|x64
		{031FC358-AC15-43D8-9C7E-78C74519C833}.Release|x86.ActiveCfg = Release|Win32
		{031FC358-AC15-43D8-9C7E-78C74519C833}.Release|x86.Build.0 = Release|Win32
		{1699AAA8-F66E-4B5C-828E-1651DE2F4809}.Debug|ARM.ActiveCfg = Debug|Win32
		{1699AAA8-F66E-4B5C-828E-1651DE2F4809}.Debug|ARM64.ActiveCfg = Debug|Win32
		{1699AAA8-F66E-4B5C-828E-1651DE2F4809}.Debug|x64.ActiveCfg = Debug|x64
		{1699AAA8-F66E-4B5C-828E-1651DE2F4809}.Debug|x64.Build.0 = Debug|x64
		{1699AAA8-F66E-4B5C-828E-1651DE2F4809}.Debug|x86.ActiveCfg = Debug|Win32
		{1699AAA8-F66E-4B5C-828E-1651DE2F4809}.Debug|x86.Build.0 = Debug|Win32
		{1699AAA8-F66E-4B5C-828E-1651DE2F4809}.Release|ARM.ActiveCfg = Release|Win32
		{1699AAA8-F66E-4B5C-828E-1651DE2F4809}.Release|ARM64.ActiveCfg = Release|Win32
		{1699AAA8-F66E-4B5C-828E-1651DE2F4809}.Release|x64.ActiveCfg = Release|x64
		{1699AAA8-F66E-4B5C-828E-1651DE2F4809}.Release|x64.Build.0 = Release|x64
		{1699AAA8-F66E-4B5C-828E-1651DE2F4809}.Release|x86.ActiveCfg = Release|Win32
		{1699AAA8-F66E-4B5C-828E-1651DE2F4809}.Release|x86.Build.0 = Release|Win32
		{393243B6-6DD4-428A-9E35-70272D4C2D61}.Debug|ARM.ActiveCfg = Debug|Win32
		{393243B6-6DD4-428A-9E35-70272D4C2D61}.Debug|ARM64.ActiveCfg = Debug|Win32
		{393243B6-6DD4-428A-9E35-70272D4C2D61}.Debug|x64.ActiveCfg = Debug|x64
		{393243B6-6DD4-428A-9E35-70272D4C2D61}.Debug|x64.Build.0 = Debug|x64
		{393243B6-6DD4-428A-9E35-70272D4C2D61}.Debug|x86.ActiveCfg = Debug|Win32
		{393243B6-6DD4-428A-9E35-70272D4C2D61}.Debug|x86.Build.0 = Debug|Win32
		{393243B6-6DD4-428A-9E35-70272D4C2D61}.Release|ARM.ActiveCfg = Release|Win32
		{393243B6-6DD4-428A-9E35-70272D4C2D61}.Release|ARM64.ActiveCfg = Release|Win32
		{393243B6-6DD4-428A-9E35-70272D4C2D61}.Release|x64.ActiveCfg = Release|x64
		{393243B6-6DD4-428A-9E35-70272D4C2D61}.Release|x64.Build.0 = Release|x64
		{393243B6-6DD4-428A-9E35-70272D4C2D61}.Release|x86.ActiveCfg = Release|Win32
		{393243B6-6DD4-428A-9E35-70272D4C2D61}.Release|x86.Build.0 = Release|Win32
	EndGlobalSection
	GlobalSection(SolutionProperties) = preSolution
		HideSolutionNode = FALSE
	EndGlobalSection
	GlobalSection(NestedProjects) = preSolution
		{E279C2D4-E149-4CA5-BE24-844103AF0DB5} = {B9745530-7B5F-4949-BAF7-1E4C19A7B89D}
		{6C94FB23-A17A-4BBE-8CD2-8DDFBEBC19BA} = {B9745530-7B5F-4949-BAF7-1E4C19A7B89D}
		{3722F888-607E-428A-8E73-89E37E815A49} = {B9745530-7B5F-4949-BAF7-1E4C19A7B89D}
		{64400BF2-7474-47EC-9079-C890D84AA674} = {B9745530-7B5F-4949-BAF7-1E4C19A7B89D}
		{393243B6-6DD4-428A-9E35-70272D4C2D61} = {B9745530-7B5F-4949-BAF7-1E4C19A7B89D}
	EndGlobalSection
	GlobalSection(ExtensibilityGlobals) = postSolution
		SolutionGuid = {4B8D35DA-D93E-4B3A-B51A-C12462033ACC}
	EndGlobalSection
EndGlobal
